// !$*UTF8*$!
{
	archiveVersion = 1;
	classes = {
	};
	objectVersion = 56;
	objects = {

/* Begin PBXBuildFile section */
		3CCF5E2C2A744B6500E432CA /* libarmadillo.12.4.1.dylib in Frameworks */ = {isa = PBXBuildFile; fileRef = 3CCF5E2B2A744B6500E432CA /* libarmadillo.12.4.1.dylib */; };
		7AC267582A5701BC000092B5 /* main.cpp in Sources */ = {isa = PBXBuildFile; fileRef = 7AC267572A5701BC000092B5 /* main.cpp */; };
		7AC267602A57022E000092B5 /* ConfigFile.cpp in Sources */ = {isa = PBXBuildFile; fileRef = 7AC2675E2A57022E000092B5 /* ConfigFile.cpp */; };
		7AC267632A5702A4000092B5 /* Field.cpp in Sources */ = {isa = PBXBuildFile; fileRef = 7AC267612A5702A4000092B5 /* Field.cpp */; };
/* End PBXBuildFile section */

/* Begin PBXCopyFilesBuildPhase section */
		3CCF5E282A74482600E432CA /* Embed Libraries */ = {
			isa = PBXCopyFilesBuildPhase;
			buildActionMask = 2147483647;
			dstPath = "";
			dstSubfolderSpec = 10;
			files = (
			);
			name = "Embed Libraries";
			runOnlyForDeploymentPostprocessing = 0;
		};
		7AC267522A5701BC000092B5 /* CopyFiles */ = {
			isa = PBXCopyFilesBuildPhase;
			buildActionMask = 2147483647;
			dstPath = /usr/share/man/man1/;
			dstSubfolderSpec = 0;
			files = (
			);
			runOnlyForDeploymentPostprocessing = 1;
		};
/* End PBXCopyFilesBuildPhase section */

/* Begin PBXFileReference section */
		3CCF5E292A74498000E432CA /* lib */ = {isa = PBXFileReference; lastKnownFileType = folder; name = lib; path = ../../../../../../../opt/homebrew/Cellar/armadillo/12.4.1/lib; sourceTree = "<group>"; };
		3CCF5E2B2A744B6500E432CA /* libarmadillo.12.4.1.dylib */ = {isa = PBXFileReference; lastKnownFileType = "compiled.mach-o.dylib"; name = libarmadillo.12.4.1.dylib; path = ../../../../../../../opt/homebrew/Cellar/armadillo/12.4.1/lib/libarmadillo.12.4.1.dylib; sourceTree = "<group>"; };
		7A7311362A58070B00685BBE /* Constants.hpp */ = {isa = PBXFileReference; lastKnownFileType = sourcecode.cpp.h; path = Constants.hpp; sourceTree = "<group>"; };
		7AC267542A5701BC000092B5 /* Blini */ = {isa = PBXFileReference; explicitFileType = "compiled.mach-o.executable"; includeInIndex = 0; path = Blini; sourceTree = BUILT_PRODUCTS_DIR; };
		7AC267572A5701BC000092B5 /* main.cpp */ = {isa = PBXFileReference; lastKnownFileType = sourcecode.cpp.cpp; path = main.cpp; sourceTree = "<group>"; };
		7AC2675E2A57022E000092B5 /* ConfigFile.cpp */ = {isa = PBXFileReference; fileEncoding = 4; lastKnownFileType = sourcecode.cpp.cpp; path = ConfigFile.cpp; sourceTree = "<group>"; };
		7AC2675F2A57022E000092B5 /* ConfigFile.hpp */ = {isa = PBXFileReference; fileEncoding = 4; lastKnownFileType = sourcecode.cpp.h; path = ConfigFile.hpp; sourceTree = "<group>"; };
		7AC267612A5702A4000092B5 /* Field.cpp */ = {isa = PBXFileReference; lastKnownFileType = sourcecode.cpp.cpp; path = Field.cpp; sourceTree = "<group>"; };
		7AC267622A5702A4000092B5 /* Field.hpp */ = {isa = PBXFileReference; lastKnownFileType = sourcecode.cpp.h; path = Field.hpp; sourceTree = "<group>"; };
/* End PBXFileReference section */

/* Begin PBXFrameworksBuildPhase section */
		7AC267512A5701BC000092B5 /* Frameworks */ = {
			isa = PBXFrameworksBuildPhase;
			buildActionMask = 2147483647;
			files = (
				3CCF5E2C2A744B6500E432CA /* libarmadillo.12.4.1.dylib in Frameworks */,
			);
			runOnlyForDeploymentPostprocessing = 0;
		};
/* End PBXFrameworksBuildPhase section */

/* Begin PBXGroup section */
		7A1553962A5C2E780035B291 /* Frameworks */ = {
			isa = PBXGroup;
			children = (
				3CCF5E2B2A744B6500E432CA /* libarmadillo.12.4.1.dylib */,
				3CCF5E292A74498000E432CA /* lib */,
			);
			name = Frameworks;
			sourceTree = "<group>";
		};
		7AC2674B2A5701BC000092B5 = {
			isa = PBXGroup;
			children = (
				7AC267562A5701BC000092B5 /* Blini */,
				7AC267552A5701BC000092B5 /* Products */,
				7A1553962A5C2E780035B291 /* Frameworks */,
			);
			sourceTree = "<group>";
		};
		7AC267552A5701BC000092B5 /* Products */ = {
			isa = PBXGroup;
			children = (
				7AC267542A5701BC000092B5 /* Blini */,
			);
			name = Products;
			sourceTree = "<group>";
		};
		7AC267562A5701BC000092B5 /* Blini */ = {
			isa = PBXGroup;
			children = (
				7AC267572A5701BC000092B5 /* main.cpp */,
				7AC2675E2A57022E000092B5 /* ConfigFile.cpp */,
				7AC2675F2A57022E000092B5 /* ConfigFile.hpp */,
				7A7311362A58070B00685BBE /* Constants.hpp */,
				7AC267612A5702A4000092B5 /* Field.cpp */,
				7AC267622A5702A4000092B5 /* Field.hpp */,
			);
			path = Blini;
			sourceTree = "<group>";
		};
/* End PBXGroup section */

/* Begin PBXNativeTarget section */
		7AC267532A5701BC000092B5 /* Blini */ = {
			isa = PBXNativeTarget;
			buildConfigurationList = 7AC2675B2A5701BC000092B5 /* Build configuration list for PBXNativeTarget "Blini" */;
			buildPhases = (
				7AC267502A5701BC000092B5 /* Sources */,
				7AC267512A5701BC000092B5 /* Frameworks */,
				7AC267522A5701BC000092B5 /* CopyFiles */,
				3CCF5E282A74482600E432CA /* Embed Libraries */,
			);
			buildRules = (
			);
			dependencies = (
			);
			name = Blini;
			productName = Blini;
			productReference = 7AC267542A5701BC000092B5 /* Blini */;
			productType = "com.apple.product-type.tool";
		};
/* End PBXNativeTarget section */

/* Begin PBXProject section */
		7AC2674C2A5701BC000092B5 /* Project object */ = {
			isa = PBXProject;
			attributes = {
				BuildIndependentTargetsInParallel = 1;
				LastUpgradeCheck = 1430;
				TargetAttributes = {
					7AC267532A5701BC000092B5 = {
						CreatedOnToolsVersion = 14.3.1;
					};
				};
			};
			buildConfigurationList = 7AC2674F2A5701BC000092B5 /* Build configuration list for PBXProject "Blini" */;
			compatibilityVersion = "Xcode 14.0";
			developmentRegion = en;
			hasScannedForEncodings = 0;
			knownRegions = (
				en,
				Base,
			);
			mainGroup = 7AC2674B2A5701BC000092B5;
			productRefGroup = 7AC267552A5701BC000092B5 /* Products */;
			projectDirPath = "";
			projectRoot = "";
			targets = (
				7AC267532A5701BC000092B5 /* Blini */,
			);
		};
/* End PBXProject section */

/* Begin PBXSourcesBuildPhase section */
		7AC267502A5701BC000092B5 /* Sources */ = {
			isa = PBXSourcesBuildPhase;
			buildActionMask = 2147483647;
			files = (
				7AC267582A5701BC000092B5 /* main.cpp in Sources */,
				7AC267632A5702A4000092B5 /* Field.cpp in Sources */,
				7AC267602A57022E000092B5 /* ConfigFile.cpp in Sources */,
			);
			runOnlyForDeploymentPostprocessing = 0;
		};
/* End PBXSourcesBuildPhase section */

/* Begin XCBuildConfiguration section */
		7AC267592A5701BC000092B5 /* Debug */ = {
			isa = XCBuildConfiguration;
			buildSettings = {
				ALWAYS_SEARCH_USER_PATHS = NO;
				CLANG_ANALYZER_NONNULL = YES;
				CLANG_ANALYZER_NUMBER_OBJECT_CONVERSION = YES_AGGRESSIVE;
				CLANG_CXX_LANGUAGE_STANDARD = "gnu++20";
				CLANG_ENABLE_MODULES = YES;
				CLANG_ENABLE_OBJC_ARC = YES;
				CLANG_ENABLE_OBJC_WEAK = YES;
				CLANG_WARN_BLOCK_CAPTURE_AUTORELEASING = YES;
				CLANG_WARN_BOOL_CONVERSION = YES;
				CLANG_WARN_COMMA = YES;
				CLANG_WARN_CONSTANT_CONVERSION = YES;
				CLANG_WARN_DEPRECATED_OBJC_IMPLEMENTATIONS = YES;
				CLANG_WARN_DIRECT_OBJC_ISA_USAGE = YES_ERROR;
				CLANG_WARN_DOCUMENTATION_COMMENTS = YES;
				CLANG_WARN_EMPTY_BODY = YES;
				CLANG_WARN_ENUM_CONVERSION = YES;
				CLANG_WARN_INFINITE_RECURSION = YES;
				CLANG_WARN_INT_CONVERSION = YES;
				CLANG_WARN_NON_LITERAL_NULL_CONVERSION = YES;
				CLANG_WARN_OBJC_IMPLICIT_RETAIN_SELF = YES;
				CLANG_WARN_OBJC_LITERAL_CONVERSION = YES;
				CLANG_WARN_OBJC_ROOT_CLASS = YES_ERROR;
				CLANG_WARN_QUOTED_INCLUDE_IN_FRAMEWORK_HEADER = YES;
				CLANG_WARN_RANGE_LOOP_ANALYSIS = YES;
				CLANG_WARN_STRICT_PROTOTYPES = YES;
				CLANG_WARN_SUSPICIOUS_MOVE = YES;
				CLANG_WARN_UNGUARDED_AVAILABILITY = YES_AGGRESSIVE;
				CLANG_WARN_UNREACHABLE_CODE = YES;
				CLANG_WARN__DUPLICATE_METHOD_MATCH = YES;
				COPY_PHASE_STRIP = NO;
				DEBUG_INFORMATION_FORMAT = dwarf;
				ENABLE_STRICT_OBJC_MSGSEND = YES;
				ENABLE_TESTABILITY = YES;
				GCC_C_LANGUAGE_STANDARD = gnu11;
				GCC_DYNAMIC_NO_PIC = NO;
				GCC_NO_COMMON_BLOCKS = YES;
				GCC_OPTIMIZATION_LEVEL = 0;
				GCC_PREPROCESSOR_DEFINITIONS = (
					"DEBUG=1",
					"$(inherited)",
				);
				GCC_WARN_64_TO_32_BIT_CONVERSION = YES;
				GCC_WARN_ABOUT_RETURN_TYPE = YES_ERROR;
				GCC_WARN_UNDECLARED_SELECTOR = YES;
				GCC_WARN_UNINITIALIZED_AUTOS = YES_AGGRESSIVE;
				GCC_WARN_UNUSED_FUNCTION = YES;
				GCC_WARN_UNUSED_VARIABLE = YES;
				"LIBRARY_SEARCH_PATHS[arch=*]" = /opt/homebrew/Cellar/armadillo/12.4.1/lib;
				MACOSX_DEPLOYMENT_TARGET = 13.3;
				MTL_ENABLE_DEBUG_INFO = INCLUDE_SOURCE;
				MTL_FAST_MATH = YES;
				ONLY_ACTIVE_ARCH = YES;
				SDKROOT = macosx;
				"USER_HEADER_SEARCH_PATHS[arch=*]" = /opt/homebrew/Cellar/armadillo/12.4.1/include;
			};
			name = Debug;
		};
		7AC2675A2A5701BC000092B5 /* Release */ = {
			isa = XCBuildConfiguration;
			buildSettings = {
				ALWAYS_SEARCH_USER_PATHS = NO;
				CLANG_ANALYZER_NONNULL = YES;
				CLANG_ANALYZER_NUMBER_OBJECT_CONVERSION = YES_AGGRESSIVE;
				CLANG_CXX_LANGUAGE_STANDARD = "gnu++20";
				CLANG_ENABLE_MODULES = YES;
				CLANG_ENABLE_OBJC_ARC = YES;
				CLANG_ENABLE_OBJC_WEAK = YES;
				CLANG_WARN_BLOCK_CAPTURE_AUTORELEASING = YES;
				CLANG_WARN_BOOL_CONVERSION = YES;
				CLANG_WARN_COMMA = YES;
				CLANG_WARN_CONSTANT_CONVERSION = YES;
				CLANG_WARN_DEPRECATED_OBJC_IMPLEMENTATIONS = YES;
				CLANG_WARN_DIRECT_OBJC_ISA_USAGE = YES_ERROR;
				CLANG_WARN_DOCUMENTATION_COMMENTS = YES;
				CLANG_WARN_EMPTY_BODY = YES;
				CLANG_WARN_ENUM_CONVERSION = YES;
				CLANG_WARN_INFINITE_RECURSION = YES;
				CLANG_WARN_INT_CONVERSION = YES;
				CLANG_WARN_NON_LITERAL_NULL_CONVERSION = YES;
				CLANG_WARN_OBJC_IMPLICIT_RETAIN_SELF = YES;
				CLANG_WARN_OBJC_LITERAL_CONVERSION = YES;
				CLANG_WARN_OBJC_ROOT_CLASS = YES_ERROR;
				CLANG_WARN_QUOTED_INCLUDE_IN_FRAMEWORK_HEADER = YES;
				CLANG_WARN_RANGE_LOOP_ANALYSIS = YES;
				CLANG_WARN_STRICT_PROTOTYPES = YES;
				CLANG_WARN_SUSPICIOUS_MOVE = YES;
				CLANG_WARN_UNGUARDED_AVAILABILITY = YES_AGGRESSIVE;
				CLANG_WARN_UNREACHABLE_CODE = YES;
				CLANG_WARN__DUPLICATE_METHOD_MATCH = YES;
				COPY_PHASE_STRIP = NO;
				DEBUG_INFORMATION_FORMAT = "dwarf-with-dsym";
				ENABLE_NS_ASSERTIONS = NO;
				ENABLE_STRICT_OBJC_MSGSEND = YES;
				GCC_C_LANGUAGE_STANDARD = gnu11;
				GCC_NO_COMMON_BLOCKS = YES;
				GCC_WARN_64_TO_32_BIT_CONVERSION = YES;
				GCC_WARN_ABOUT_RETURN_TYPE = YES_ERROR;
				GCC_WARN_UNDECLARED_SELECTOR = YES;
				GCC_WARN_UNINITIALIZED_AUTOS = YES_AGGRESSIVE;
				GCC_WARN_UNUSED_FUNCTION = YES;
				GCC_WARN_UNUSED_VARIABLE = YES;
				"LIBRARY_SEARCH_PATHS[arch=*]" = /opt/homebrew/Cellar/armadillo/12.4.1/lib;
				MACOSX_DEPLOYMENT_TARGET = 13.3;
				MTL_ENABLE_DEBUG_INFO = NO;
				MTL_FAST_MATH = YES;
				ONLY_ACTIVE_ARCH = YES;
				SDKROOT = macosx;
				"USER_HEADER_SEARCH_PATHS[arch=*]" = /opt/homebrew/Cellar/armadillo/12.4.1/include;
			};
			name = Release;
		};
		7AC2675C2A5701BC000092B5 /* Debug */ = {
			isa = XCBuildConfiguration;
			buildSettings = {
				CODE_SIGN_STYLE = Automatic;
				GCC_NO_COMMON_BLOCKS = NO;
				LIBRARY_SEARCH_PATHS = (
					"$(inherited)",
					/opt/homebrew/Cellar/armadillo/12.4.1/lib,
				);
				"LIBRARY_SEARCH_PATHS[arch=arm64]" = " /opt/homebrew/Cellar/armadillo/12.4.1/lib";
				PRODUCT_NAME = "$(TARGET_NAME)";
				"USER_HEADER_SEARCH_PATHS[arch=*]" = /opt/homebrew/Cellar/armadillo/12.4.1/include;
			};
			name = Debug;
		};
		7AC2675D2A5701BC000092B5 /* Release */ = {
			isa = XCBuildConfiguration;
			buildSettings = {
				CODE_SIGN_STYLE = Automatic;
				GCC_NO_COMMON_BLOCKS = NO;
				LIBRARY_SEARCH_PATHS = (
					"$(inherited)",
					/opt/homebrew/Cellar/armadillo/12.4.1/lib,
				);
				"LIBRARY_SEARCH_PATHS[arch=arm64]" = " /opt/homebrew/Cellar/armadillo/12.4.1/lib";
				PRODUCT_NAME = "$(TARGET_NAME)";
				"USER_HEADER_SEARCH_PATHS[arch=*]" = /opt/homebrew/Cellar/armadillo/12.4.1/include;
			};
			name = Release;
		};
/* End XCBuildConfiguration section */

/* Begin XCConfigurationList section */
		7AC2674F2A5701BC000092B5 /* Build configuration list for PBXProject "Blini" */ = {
			isa = XCConfigurationList;
			buildConfigurations = (
				7AC267592A5701BC000092B5 /* Debug */,
				7AC2675A2A5701BC000092B5 /* Release */,
			);
			defaultConfigurationIsVisible = 0;
			defaultConfigurationName = Release;
		};
		7AC2675B2A5701BC000092B5 /* Build configuration list for PBXNativeTarget "Blini" */ = {
			isa = XCConfigurationList;
			buildConfigurations = (
				7AC2675C2A5701BC000092B5 /* Debug */,
				7AC2675D2A5701BC000092B5 /* Release */,
			);
			defaultConfigurationIsVisible = 0;
			defaultConfigurationName = Release;
		};
/* End XCConfigurationList section */
	};
	rootObject = 7AC2674C2A5701BC000092B5 /* Project object */;
}
